
Microsoft Visual Studio Solution File, Format Version 12.00
# Visual Studio Version 16
VisualStudioVersion = 16.0.30523.141
MinimumVisualStudioVersion = 10.0.40219.1
Project("{FAE04EC0-301F-11D3-BF4B-00C04F79EFBC}") = "Task_2", "Task_2\Task_2.csproj", "{0C8FCD4A-BB9B-4B23-B150-E6743A3F1531}"
EndProject
Global
	GlobalSection(SolutionConfigurationPlatforms) = preSolution
		Debug|Any CPU = Debug|Any CPU
		Release|Any CPU = Release|Any CPU
	EndGlobalSection
	GlobalSection(ProjectConfigurationPlatforms) = postSolution
		{0C8FCD4A-BB9B-4B23-B150-E6743A3F1531}.Debug|Any CPU.ActiveCfg = Debug|Any CPU
		{0C8FCD4A-BB9B-4B23-B150-E6743A3F1531}.Debug|Any CPU.Build.0 = Debug|Any CPU
		{0C8FCD4A-BB9B-4B23-B150-E6743A3F1531}.Release|Any CPU.ActiveCfg = Release|Any CPU
		{0C8FCD4A-BB9B-4B23-B150-E6743A3F1531}.Release|Any CPU.Build.0 = Release|Any CPU
	EndGlobalSection
	GlobalSection(SolutionProperties) = preSolution
		HideSolutionNode = FALSE
	EndGlobalSection
	GlobalSection(ExtensibilityGlobals) = postSolution
		SolutionGuid = {BC826230-A2BF-4751-94C4-143A0BB41FDC}
	EndGlobalSection
EndGlobal
